
Microsoft Visual Studio Solution File, Format Version 12.00
# Visual Studio 15
VisualStudioVersion = 15.0.26124.0
MinimumVisualStudioVersion = 15.0.26124.0
Project("{FAE04EC0-301F-11D3-BF4B-00C04F79EFBC}") = "Actio.ApiGateway", "Actio.ApiGateway\Actio.ApiGateway.csproj", "{66C0C1AE-DC50-4093-8CAE-8210B6C14E66}"
EndProject
Project("{FAE04EC0-301F-11D3-BF4B-00C04F79EFBC}") = "Actio.Services.Identity", "Actio.Services.Identity\Actio.Services.Identity.csproj", "{58644265-8FC7-42BD-B9F3-8A3B4310CC56}"
EndProject
Project("{FAE04EC0-301F-11D3-BF4B-00C04F79EFBC}") = "Actio.Services.Activities", "Actio.Services.Activities\Actio.Services.Activities.csproj", "{A4C4A5BC-9AF6-45CF-B39A-64A46F04608B}"
EndProject
Project("{FAE04EC0-301F-11D3-BF4B-00C04F79EFBC}") = "Actio.Common", "Actio.Common\Actio.Common.csproj", "{2351A579-670B-4FC4-AEF7-C98E4DA8BB84}"
EndProject
Global
	GlobalSection(SolutionConfigurationPlatforms) = preSolution
		Debug|Any CPU = Debug|Any CPU
		Debug|x64 = Debug|x64
		Debug|x86 = Debug|x86
		Release|Any CPU = Release|Any CPU
		Release|x64 = Release|x64
		Release|x86 = Release|x86
	EndGlobalSection
	GlobalSection(SolutionProperties) = preSolution
		HideSolutionNode = FALSE
	EndGlobalSection
	GlobalSection(ProjectConfigurationPlatforms) = postSolution
		{66C0C1AE-DC50-4093-8CAE-8210B6C14E66}.Debug|Any CPU.ActiveCfg = Debug|Any CPU
		{66C0C1AE-DC50-4093-8CAE-8210B6C14E66}.Debug|Any CPU.Build.0 = Debug|Any CPU
		{66C0C1AE-DC50-4093-8CAE-8210B6C14E66}.Debug|x64.ActiveCfg = Debug|Any CPU
		{66C0C1AE-DC50-4093-8CAE-8210B6C14E66}.Debug|x64.Build.0 = Debug|Any CPU
		{66C0C1AE-DC50-4093-8CAE-8210B6C14E66}.Debug|x86.ActiveCfg = Debug|Any CPU
		{66C0C1AE-DC50-4093-8CAE-8210B6C14E66}.Debug|x86.Build.0 = Debug|Any CPU
		{66C0C1AE-DC50-4093-8CAE-8210B6C14E66}.Release|Any CPU.ActiveCfg = Release|Any CPU
		{66C0C1AE-DC50-4093-8CAE-8210B6C14E66}.Release|Any CPU.Build.0 = Release|Any CPU
		{66C0C1AE-DC50-4093-8CAE-8210B6C14E66}.Release|x64.ActiveCfg = Release|Any CPU
		{66C0C1AE-DC50-4093-8CAE-8210B6C14E66}.Release|x64.Build.0 = Release|Any CPU
		{66C0C1AE-DC50-4093-8CAE-8210B6C14E66}.Release|x86.ActiveCfg = Release|Any CPU
		{66C0C1AE-DC50-4093-8CAE-8210B6C14E66}.Release|x86.Build.0 = Release|Any CPU
		{58644265-8FC7-42BD-B9F3-8A3B4310CC56}.Debug|Any CPU.ActiveCfg = Debug|Any CPU
		{58644265-8FC7-42BD-B9F3-8A3B4310CC56}.Debug|Any CPU.Build.0 = Debug|Any CPU
		{58644265-8FC7-42BD-B9F3-8A3B4310CC56}.Debug|x64.ActiveCfg = Debug|Any CPU
		{58644265-8FC7-42BD-B9F3-8A3B4310CC56}.Debug|x64.Build.0 = Debug|Any CPU
		{58644265-8FC7-42BD-B9F3-8A3B4310CC56}.Debug|x86.ActiveCfg = Debug|Any CPU
		{58644265-8FC7-42BD-B9F3-8A3B4310CC56}.Debug|x86.Build.0 = Debug|Any CPU
		{58644265-8FC7-42BD-B9F3-8A3B4310CC56}.Release|Any CPU.ActiveCfg = Release|Any CPU
		{58644265-8FC7-42BD-B9F3-8A3B4310CC56}.Release|Any CPU.Build.0 = Release|Any CPU
		{58644265-8FC7-42BD-B9F3-8A3B4310CC56}.Release|x64.ActiveCfg = Release|Any CPU
		{58644265-8FC7-42BD-B9F3-8A3B4310CC56}.Release|x64.Build.0 = Release|Any CPU
		{58644265-8FC7-42BD-B9F3-8A3B4310CC56}.Release|x86.ActiveCfg = Release|Any CPU
		{58644265-8FC7-42BD-B9F3-8A3B4310CC56}.Release|x86.Build.0 = Release|Any CPU
		{A4C4A5BC-9AF6-45CF-B39A-64A46F04608B}.Debug|Any CPU.ActiveCfg = Debug|Any CPU
		{A4C4A5BC-9AF6-45CF-B39A-64A46F04608B}.Debug|Any CPU.Build.0 = Debug|Any CPU
		{A4C4A5BC-9AF6-45CF-B39A-64A46F04608B}.Debug|x64.ActiveCfg = Debug|Any CPU
		{A4C4A5BC-9AF6-45CF-B39A-64A46F04608B}.Debug|x64.Build.0 = Debug|Any CPU
		{A4C4A5BC-9AF6-45CF-B39A-64A46F04608B}.Debug|x86.ActiveCfg = Debug|Any CPU
		{A4C4A5BC-9AF6-45CF-B39A-64A46F04608B}.Debug|x86.Build.0 = Debug|Any CPU
		{A4C4A5BC-9AF6-45CF-B39A-64A46F04608B}.Release|Any CPU.ActiveCfg = Release|Any CPU
		{A4C4A5BC-9AF6-45CF-B39A-64A46F04608B}.Release|Any CPU.Build.0 = Release|Any CPU
		{A4C4A5BC-9AF6-45CF-B39A-64A46F04608B}.Release|x64.ActiveCfg = Release|Any CPU
		{A4C4A5BC-9AF6-45CF-B39A-64A46F04608B}.Release|x64.Build.0 = Release|Any CPU
		{A4C4A5BC-9AF6-45CF-B39A-64A46F04608B}.Release|x86.ActiveCfg = Release|Any CPU
		{A4C4A5BC-9AF6-45CF-B39A-64A46F04608B}.Release|x86.Build.0 = Release|Any CPU
		{2351A579-670B-4FC4-AEF7-C98E4DA8BB84}.Debug|Any CPU.ActiveCfg = Debug|Any CPU
		{2351A579-670B-4FC4-AEF7-C98E4DA8BB84}.Debug|Any CPU.Build.0 = Debug|Any CPU
		{2351A579-670B-4FC4-AEF7-C98E4DA8BB84}.Debug|x64.ActiveCfg = Debug|Any CPU
		{2351A579-670B-4FC4-AEF7-C98E4DA8BB84}.Debug|x64.Build.0 = Debug|Any CPU
		{2351A579-670B-4FC4-AEF7-C98E4DA8BB84}.Debug|x86.ActiveCfg = Debug|Any CPU
		{2351A579-670B-4FC4-AEF7-C98E4DA8BB84}.Debug|x86.Build.0 = Debug|Any CPU
		{2351A579-670B-4FC4-AEF7-C98E4DA8BB84}.Release|Any CPU.ActiveCfg = Release|Any CPU
		{2351A579-670B-4FC4-AEF7-C98E4DA8BB84}.Release|Any CPU.Build.0 = Release|Any CPU
		{2351A579-670B-4FC4-AEF7-C98E4DA8BB84}.Release|x64.ActiveCfg = Release|Any CPU
		{2351A579-670B-4FC4-AEF7-C98E4DA8BB84}.Release|x64.Build.0 = Release|Any CPU
		{2351A579-670B-4FC4-AEF7-C98E4DA8BB84}.Release|x86.ActiveCfg = Release|Any CPU
		{2351A579-670B-4FC4-AEF7-C98E4DA8BB84}.Release|x86.Build.0 = Release|Any CPU
	EndGlobalSection
EndGlobal
